
Microsoft Visual Studio Solution File, Format Version 12.00
# Visual Studio Version 17
VisualStudioVersion = 17.2.32526.322
MinimumVisualStudioVersion = 10.0.40219.1
Project("{9A19103F-16F7-4668-BE54-9A1E7A4F7556}") = "Api", "Api\Api.csproj", "{029EFCAD-D06A-42FD-AED9-9C5460CCCDCF}"
EndProject
Global
	GlobalSection(SolutionConfigurationPlatforms) = preSolution
		Debug|Any CPU = Debug|Any CPU
		Release|Any CPU = Release|Any CPU
	EndGlobalSection
	GlobalSection(ProjectConfigurationPlatforms) = postSolution
		{029EFCAD-D06A-42FD-AED9-9C5460CCCDCF}.Debug|Any CPU.ActiveCfg = Debug|Any CPU
		{029EFCAD-D06A-42FD-AED9-9C5460CCCDCF}.Debug|Any CPU.Build.0 = Debug|Any CPU
		{029EFCAD-D06A-42FD-AED9-9C5460CCCDCF}.Release|Any CPU.ActiveCfg = Release|Any CPU
		{029EFCAD-D06A-42FD-AED9-9C5460CCCDCF}.Release|Any CPU.Build.0 = Release|Any CPU
	EndGlobalSection
	GlobalSection(SolutionProperties) = preSolution
		HideSolutionNode = FALSE
	EndGlobalSection
	GlobalSection(ExtensibilityGlobals) = postSolution
		SolutionGuid = {F4567F80-0A7C-45F2-8F74-4FCE9031A260}
	EndGlobalSection
EndGlobal
